
Microsoft Visual Studio Solution File, Format Version 12.00
# Visual Studio Version 17
VisualStudioVersion = 17.2.32616.157
MinimumVisualStudioVersion = 10.0.40219.1
Project("{FAE04EC0-301F-11D3-BF4B-00C04F79EFBC}") = "Web", "Web\Web.csproj", "{DDD697D1-38B8-4793-BAC5-029058FFA1EF}"
EndProject
Global
	GlobalSection(SolutionConfigurationPlatforms) = preSolution
		Debug|Any CPU = Debug|Any CPU
		Release|Any CPU = Release|Any CPU
	EndGlobalSection
	GlobalSection(ProjectConfigurationPlatforms) = postSolution
		{DDD697D1-38B8-4793-BAC5-029058FFA1EF}.Debug|Any CPU.ActiveCfg = Debug|Any CPU
		{DDD697D1-38B8-4793-BAC5-029058FFA1EF}.Debug|Any CPU.Build.0 = Debug|Any CPU
		{DDD697D1-38B8-4793-BAC5-029058FFA1EF}.Release|Any CPU.ActiveCfg = Release|Any CPU
		{DDD697D1-38B8-4793-BAC5-029058FFA1EF}.Release|Any CPU.Build.0 = Release|Any CPU
	EndGlobalSection
	GlobalSection(SolutionProperties) = preSolution
		HideSolutionNode = FALSE
	EndGlobalSection
	GlobalSection(ExtensibilityGlobals) = postSolution
		SolutionGuid = {F120BC64-A85E-4FB8-9F5B-152261239521}
	EndGlobalSection
EndGlobal
